
Microsoft Visual Studio Solution File, Format Version 12.00
# Visual Studio 15
VisualStudioVersion = 15.0.26124.0
MinimumVisualStudioVersion = 15.0.26124.0
Project("{FAE04EC0-301F-11D3-BF4B-00C04F79EFBC}") = "Domain", "Domain\Domain.csproj", "{0B7E2B1C-C723-4385-8F85-019D6BE4241F}"
EndProject
Project("{FAE04EC0-301F-11D3-BF4B-00C04F79EFBC}") = "Application", "Application\Application.csproj", "{DE81CD15-C2B8-4CB9-8BAD-1A9C14CDBBAC}"
EndProject
Project("{FAE04EC0-301F-11D3-BF4B-00C04F79EFBC}") = "Persistence", "Persistence\Persistence.csproj", "{0BFC75E6-1DBB-4815-8A70-A8CE43BA65B3}"
EndProject
Project("{FAE04EC0-301F-11D3-BF4B-00C04F79EFBC}") = "API", "API\API.csproj", "{CA703AE9-2266-4501-BDF1-599B043BB286}"
EndProject
Global
	GlobalSection(SolutionConfigurationPlatforms) = preSolution
		Debug|Any CPU = Debug|Any CPU
		Debug|x64 = Debug|x64
		Debug|x86 = Debug|x86
		Release|Any CPU = Release|Any CPU
		Release|x64 = Release|x64
		Release|x86 = Release|x86
	EndGlobalSection
	GlobalSection(SolutionProperties) = preSolution
		HideSolutionNode = FALSE
	EndGlobalSection
	GlobalSection(ProjectConfigurationPlatforms) = postSolution
		{0B7E2B1C-C723-4385-8F85-019D6BE4241F}.Debug|Any CPU.ActiveCfg = Debug|Any CPU
		{0B7E2B1C-C723-4385-8F85-019D6BE4241F}.Debug|Any CPU.Build.0 = Debug|Any CPU
		{0B7E2B1C-C723-4385-8F85-019D6BE4241F}.Debug|x64.ActiveCfg = Debug|Any CPU
		{0B7E2B1C-C723-4385-8F85-019D6BE4241F}.Debug|x64.Build.0 = Debug|Any CPU
		{0B7E2B1C-C723-4385-8F85-019D6BE4241F}.Debug|x86.ActiveCfg = Debug|Any CPU
		{0B7E2B1C-C723-4385-8F85-019D6BE4241F}.Debug|x86.Build.0 = Debug|Any CPU
		{0B7E2B1C-C723-4385-8F85-019D6BE4241F}.Release|Any CPU.ActiveCfg = Release|Any CPU
		{0B7E2B1C-C723-4385-8F85-019D6BE4241F}.Release|Any CPU.Build.0 = Release|Any CPU
		{0B7E2B1C-C723-4385-8F85-019D6BE4241F}.Release|x64.ActiveCfg = Release|Any CPU
		{0B7E2B1C-C723-4385-8F85-019D6BE4241F}.Release|x64.Build.0 = Release|Any CPU
		{0B7E2B1C-C723-4385-8F85-019D6BE4241F}.Release|x86.ActiveCfg = Release|Any CPU
		{0B7E2B1C-C723-4385-8F85-019D6BE4241F}.Release|x86.Build.0 = Release|Any CPU
		{DE81CD15-C2B8-4CB9-8BAD-1A9C14CDBBAC}.Debug|Any CPU.ActiveCfg = Debug|Any CPU
		{DE81CD15-C2B8-4CB9-8BAD-1A9C14CDBBAC}.Debug|Any CPU.Build.0 = Debug|Any CPU
		{DE81CD15-C2B8-4CB9-8BAD-1A9C14CDBBAC}.Debug|x64.ActiveCfg = Debug|Any CPU
		{DE81CD15-C2B8-4CB9-8BAD-1A9C14CDBBAC}.Debug|x64.Build.0 = Debug|Any CPU
		{DE81CD15-C2B8-4CB9-8BAD-1A9C14CDBBAC}.Debug|x86.ActiveCfg = Debug|Any CPU
		{DE81CD15-C2B8-4CB9-8BAD-1A9C14CDBBAC}.Debug|x86.Build.0 = Debug|Any CPU
		{DE81CD15-C2B8-4CB9-8BAD-1A9C14CDBBAC}.Release|Any CPU.ActiveCfg = Release|Any CPU
		{DE81CD15-C2B8-4CB9-8BAD-1A9C14CDBBAC}.Release|Any CPU.Build.0 = Release|Any CPU
		{DE81CD15-C2B8-4CB9-8BAD-1A9C14CDBBAC}.Release|x64.ActiveCfg = Release|Any CPU
		{DE81CD15-C2B8-4CB9-8BAD-1A9C14CDBBAC}.Release|x64.Build.0 = Release|Any CPU
		{DE81CD15-C2B8-4CB9-8BAD-1A9C14CDBBAC}.Release|x86.ActiveCfg = Release|Any CPU
		{DE81CD15-C2B8-4CB9-8BAD-1A9C14CDBBAC}.Release|x86.Build.0 = Release|Any CPU
		{0BFC75E6-1DBB-4815-8A70-A8CE43BA65B3}.Debug|Any CPU.ActiveCfg = Debug|Any CPU
		{0BFC75E6-1DBB-4815-8A70-A8CE43BA65B3}.Debug|Any CPU.Build.0 = Debug|Any CPU
		{0BFC75E6-1DBB-4815-8A70-A8CE43BA65B3}.Debug|x64.ActiveCfg = Debug|Any CPU
		{0BFC75E6-1DBB-4815-8A70-A8CE43BA65B3}.Debug|x64.Build.0 = Debug|Any CPU
		{0BFC75E6-1DBB-4815-8A70-A8CE43BA65B3}.Debug|x86.ActiveCfg = Debug|Any CPU
		{0BFC75E6-1DBB-4815-8A70-A8CE43BA65B3}.Debug|x86.Build.0 = Debug|Any CPU
		{0BFC75E6-1DBB-4815-8A70-A8CE43BA65B3}.Release|Any CPU.ActiveCfg = Release|Any CPU
		{0BFC75E6-1DBB-4815-8A70-A8CE43BA65B3}.Release|Any CPU.Build.0 = Release|Any CPU
		{0BFC75E6-1DBB-4815-8A70-A8CE43BA65B3}.Release|x64.ActiveCfg = Release|Any CPU
		{0BFC75E6-1DBB-4815-8A70-A8CE43BA65B3}.Release|x64.Build.0 = Release|Any CPU
		{0BFC75E6-1DBB-4815-8A70-A8CE43BA65B3}.Release|x86.ActiveCfg = Release|Any CPU
		{0BFC75E6-1DBB-4815-8A70-A8CE43BA65B3}.Release|x86.Build.0 = Release|Any CPU
		{CA703AE9-2266-4501-BDF1-599B043BB286}.Debug|Any CPU.ActiveCfg = Debug|Any CPU
		{CA703AE9-2266-4501-BDF1-599B043BB286}.Debug|Any CPU.Build.0 = Debug|Any CPU
		{CA703AE9-2266-4501-BDF1-599B043BB286}.Debug|x64.ActiveCfg = Debug|Any CPU
		{CA703AE9-2266-4501-BDF1-599B043BB286}.Debug|x64.Build.0 = Debug|Any CPU
		{CA703AE9-2266-4501-BDF1-599B043BB286}.Debug|x86.ActiveCfg = Debug|Any CPU
		{CA703AE9-2266-4501-BDF1-599B043BB286}.Debug|x86.Build.0 = Debug|Any CPU
		{CA703AE9-2266-4501-BDF1-599B043BB286}.Release|Any CPU.ActiveCfg = Release|Any CPU
		{CA703AE9-2266-4501-BDF1-599B043BB286}.Release|Any CPU.Build.0 = Release|Any CPU
		{CA703AE9-2266-4501-BDF1-599B043BB286}.Release|x64.ActiveCfg = Release|Any CPU
		{CA703AE9-2266-4501-BDF1-599B043BB286}.Release|x64.Build.0 = Release|Any CPU
		{CA703AE9-2266-4501-BDF1-599B043BB286}.Release|x86.ActiveCfg = Release|Any CPU
		{CA703AE9-2266-4501-BDF1-599B043BB286}.Release|x86.Build.0 = Release|Any CPU
	EndGlobalSection
EndGlobal
